
Microsoft Visual Studio Solution File, Format Version 12.00
# Visual Studio Version 17
VisualStudioVersion = 17.0.31903.59
MinimumVisualStudioVersion = 10.0.40219.1
Project("{2150E333-8FDC-42A3-9474-1A3956D46DE8}") = "mods", "mods", "{1733379C-1A15-413D-9219-35A7CAA4B69D}"
EndProject
Project("{FAE04EC0-301F-11D3-BF4B-00C04F79EFBC}") = "RemoveChirper", "mods\RemoveChirper\RemoveChirper.csproj", "{DA76C5B9-A286-4278-96E5-851ECAA9940D}"
EndProject
Global
	GlobalSection(SolutionProperties) = preSolution
		HideSolutionNode = FALSE
	EndGlobalSection
	GlobalSection(SolutionConfigurationPlatforms) = preSolution
		Debug|Any CPU = Debug|Any CPU
		Debug|x64 = Debug|x64
		Debug|x86 = Debug|x86
		Release|Any CPU = Release|Any CPU
		Release|x64 = Release|x64
		Release|x86 = Release|x86
	EndGlobalSection
	GlobalSection(ProjectConfigurationPlatforms) = postSolution
		{DA76C5B9-A286-4278-96E5-851ECAA9940D}.Debug|Any CPU.ActiveCfg = Debug|Any CPU
		{DA76C5B9-A286-4278-96E5-851ECAA9940D}.Debug|Any CPU.Build.0 = Debug|Any CPU
		{DA76C5B9-A286-4278-96E5-851ECAA9940D}.Debug|x64.ActiveCfg = Debug|Any CPU
		{DA76C5B9-A286-4278-96E5-851ECAA9940D}.Debug|x64.Build.0 = Debug|Any CPU
		{DA76C5B9-A286-4278-96E5-851ECAA9940D}.Debug|x86.ActiveCfg = Debug|Any CPU
		{DA76C5B9-A286-4278-96E5-851ECAA9940D}.Debug|x86.Build.0 = Debug|Any CPU
		{DA76C5B9-A286-4278-96E5-851ECAA9940D}.Release|Any CPU.ActiveCfg = Release|Any CPU
		{DA76C5B9-A286-4278-96E5-851ECAA9940D}.Release|Any CPU.Build.0 = Release|Any CPU
		{DA76C5B9-A286-4278-96E5-851ECAA9940D}.Release|x64.ActiveCfg = Release|Any CPU
		{DA76C5B9-A286-4278-96E5-851ECAA9940D}.Release|x64.Build.0 = Release|Any CPU
		{DA76C5B9-A286-4278-96E5-851ECAA9940D}.Release|x86.ActiveCfg = Release|Any CPU
		{DA76C5B9-A286-4278-96E5-851ECAA9940D}.Release|x86.Build.0 = Release|Any CPU
	EndGlobalSection
	GlobalSection(NestedProjects) = preSolution
		{DA76C5B9-A286-4278-96E5-851ECAA9940D} = {1733379C-1A15-413D-9219-35A7CAA4B69D}
	EndGlobalSection
EndGlobal
